
Microsoft Visual Studio Solution File, Format Version 12.00
# Visual Studio Version 17
VisualStudioVersion = 17.1.32210.238
MinimumVisualStudioVersion = 10.0.40219.1
Project("{FAE04EC0-301F-11D3-BF4B-00C04F79EFBC}") = "WebApplication1", "WebApplication1\WebApplication1.csproj", "{8195022C-338C-462B-8942-2FF28A43ED5B}"
EndProject
Global
	GlobalSection(SolutionConfigurationPlatforms) = preSolution
		Debug|Any CPU = Debug|Any CPU
		Release|Any CPU = Release|Any CPU
	EndGlobalSection
	GlobalSection(ProjectConfigurationPlatforms) = postSolution
		{8195022C-338C-462B-8942-2FF28A43ED5B}.Debug|Any CPU.ActiveCfg = Debug|Any CPU
		{8195022C-338C-462B-8942-2FF28A43ED5B}.Debug|Any CPU.Build.0 = Debug|Any CPU
		{8195022C-338C-462B-8942-2FF28A43ED5B}.Release|Any CPU.ActiveCfg = Release|Any CPU
		{8195022C-338C-462B-8942-2FF28A43ED5B}.Release|Any CPU.Build.0 = Release|Any CPU
	EndGlobalSection
	GlobalSection(SolutionProperties) = preSolution
		HideSolutionNode = FALSE
	EndGlobalSection
	GlobalSection(ExtensibilityGlobals) = postSolution
		SolutionGuid = {60F4CD91-F37A-4276-8FE4-E1B7392C70F6}
	EndGlobalSection
EndGlobal
